
Microsoft Visual Studio Solution File, Format Version 12.00
# Visual Studio 14
VisualStudioVersion = 14.0.25420.1
MinimumVisualStudioVersion = 10.0.40219.1
Project("{FAE04EC0-301F-11D3-BF4B-00C04F79EFBC}") = "EMS", "EMS\EMS.csproj", "{B90B2EF9-381E-4A8B-A12D-24F3D9CE8DC9}"
EndProject
Global
	GlobalSection(SolutionConfigurationPlatforms) = preSolution
		Debug|Any CPU = Debug|Any CPU
		Release|Any CPU = Release|Any CPU
	EndGlobalSection
	GlobalSection(ProjectConfigurationPlatforms) = postSolution
		{B90B2EF9-381E-4A8B-A12D-24F3D9CE8DC9}.Debug|Any CPU.ActiveCfg = Debug|Any CPU
		{B90B2EF9-381E-4A8B-A12D-24F3D9CE8DC9}.Debug|Any CPU.Build.0 = Debug|Any CPU
		{B90B2EF9-381E-4A8B-A12D-24F3D9CE8DC9}.Release|Any CPU.ActiveCfg = Release|Any CPU
		{B90B2EF9-381E-4A8B-A12D-24F3D9CE8DC9}.Release|Any CPU.Build.0 = Release|Any CPU
	EndGlobalSection
	GlobalSection(SolutionProperties) = preSolution
		HideSolutionNode = FALSE
	EndGlobalSection
EndGlobal
